<?xml version="1.0" encoding="utf-8"?>
<Project ToolsVersion="4.0" xmlns="http://schemas.microsoft.com/developer/msbuild/2003">
  <ItemGroup>
    <Filter Include="rths">
      <UniqueIdentifier>{d039ae94-4ce1-4932-b8b3-d9e219efd163}</UniqueIdentifier>
    </Filter>
    <Filter Include="rths\DXR">
      <UniqueIdentifier>{c58d7ecc-c39c-4f87-b0ed-5475cd9b1680}</UniqueIdentifier>
    </Filter>
    <Filter Include="rths\DXR\Shaders">
      <UniqueIdentifier>{d212cab3-57af-4731-88ac-949a03f61c5c}</UniqueIdentifier>
    </Filter>
  </ItemGroup>
  <ItemGroup>
    <ClCompile Include="rths\pch.cpp">
      <Filter>rths</Filter>
    </ClCompile>
    <ClCompile Include="rths\rths.cpp">
      <Filter>rths</Filter>
    </ClCompile>
    <ClCompile Include="rths\rthsLog.cpp">
      <Filter>rths</Filter>
    </ClCompile>
    <ClCompile Include="rths\rthsMisc.cpp">
      <Filter>rths</Filter>
    </ClCompile>
    <ClCompile Include="rths\rthsRenderer.cpp">
      <Filter>rths</Filter>
    </ClCompile>
    <ClCompile Include="rths\rthsTypes.cpp">
      <Filter>rths</Filter>
    </ClCompile>
    <ClCompile Include="rths\DXR\rthsGfxContextDXR.cpp">
      <Filter>rths\DXR</Filter>
    </ClCompile>
    <ClCompile Include="rths\DXR\rthsRendererDXR.cpp">
      <Filter>rths\DXR</Filter>
    </ClCompile>
    <ClCompile Include="rths\DXR\rthsResourceTranslatorDXR.cpp">
      <Filter>rths\DXR</Filter>
    </ClCompile>
    <ClCompile Include="rths\DXR\rthsTypesDXR.cpp">
      <Filter>rths\DXR</Filter>
    </ClCompile>
    <ClCompile Include="rths\DXR\rthsDeformerDXR.cpp">
      <Filter>rths\DXR</Filter>
    </ClCompile>
  </ItemGroup>
  <ItemGroup>
    <ClInclude Include="rths\pch.h">
      <Filter>rths</Filter>
    </ClInclude>
    <ClInclude Include="rths\rths.h">
      <Filter>rths</Filter>
    </ClInclude>
    <ClInclude Include="rths\rthsTypes.h">
      <Filter>rths</Filter>
    </ClInclude>
    <ClInclude Include="rths\rthsRenderer.h">
      <Filter>rths</Filter>
    </ClInclude>
    <ClInclude Include="rths\rthsLog.h">
      <Filter>rths</Filter>
    </ClInclude>
    <ClInclude Include="rths\rthsMisc.h">
      <Filter>rths</Filter>
    </ClInclude>
    <ClInclude Include="rths\DXR\rthsGfxContextDXR.h">
      <Filter>rths\DXR</Filter>
    </ClInclude>
    <ClInclude Include="rths\DXR\rthsResourceTranslatorDXR.h">
      <Filter>rths\DXR</Filter>
    </ClInclude>
    <ClInclude Include="rths\DXR\rthsTypesDXR.h">
      <Filter>rths\DXR</Filter>
    </ClInclude>
    <ClInclude Include="rths\DXR\Shaders\rthsCommonDXR.h">
      <Filter>rths\DXR\Shaders</Filter>
    </ClInclude>
    <ClInclude Include="rths\DXR\rthsDeformerDXR.h">
      <Filter>rths\DXR</Filter>
    </ClInclude>
  </ItemGroup>
  <ItemGroup>
    <CustomBuild Include="rths\DXR\Shaders\rthsShadowDXR.hlsl">
      <Filter>rths\DXR\Shaders</Filter>
    </CustomBuild>
    <CustomBuild Include="rths\DXR\Shaders\rthsDeform.hlsl">
      <Filter>rths\DXR\Shaders</Filter>
    </CustomBuild>
  </ItemGroup>
</Project>